Microsoft Visual Studio Solution File, Format Version 12.00
# Visual Studio Version 17
VisualStudioVersion = 17.5.2.0
MinimumVisualStudioVersion = 10.0.40219.1
Project("{FAE04EC0-301F-11D3-BF4B-00C04F79EFBC}") = "aula 20-05", "aula 20-05.csproj", "{E6EF3CED-8B10-183E-8FFE-99F7F21434B0}"
EndProject
Global
	GlobalSection(SolutionConfigurationPlatforms) = preSolution
		Debug|Any CPU = Debug|Any CPU
		Release|Any CPU = Release|Any CPU
	EndGlobalSection
	GlobalSection(ProjectConfigurationPlatforms) = postSolution
		{E6EF3CED-8B10-183E-8FFE-99F7F21434B0}.Debug|Any CPU.ActiveCfg = Debug|Any CPU
		{E6EF3CED-8B10-183E-8FFE-99F7F21434B0}.Debug|Any CPU.Build.0 = Debug|Any CPU
		{E6EF3CED-8B10-183E-8FFE-99F7F21434B0}.Release|Any CPU.ActiveCfg = Release|Any CPU
		{E6EF3CED-8B10-183E-8FFE-99F7F21434B0}.Release|Any CPU.Build.0 = Release|Any CPU
	EndGlobalSection
	GlobalSection(SolutionProperties) = preSolution
		HideSolutionNode = FALSE
	EndGlobalSection
	GlobalSection(ExtensibilityGlobals) = postSolution
		SolutionGuid = {9E0593A3-6DCC-4F98-B851-4A77F6809C57}
	EndGlobalSection
EndGlobal
